<Solution>
  <Configurations>
    <Platform Name="Any CPU" />
  </Configurations>
  <Project Path="Code/koth.csproj" />
  <Folder Name="/Addons/">
    <Project Path="../sbox-plus/game/addons/base/code/Base Library.csproj" />
  </Folder>
  <Folder Name="/Libraries/">
    <Project Path="Libraries/facepunch.jigglebones/Code/jigglebones.csproj" />
    <Project Path="Libraries/facepunch.libevents/Code/libevents.csproj" />
    <Project Path="Libraries/facepunch.libevents/UnitTests/libevents.unittest.csproj" />
  </Folder>
  <Folder Name="/Tools/">
    <Project Path="../sbox-plus/game/addons/tools/Code/Base Editor Library.csproj" />
    <Project Path="../sbox-plus/game/editor/ActionGraph/Code/actiongraph.csproj" />
    <Project Path="../sbox-plus/game/editor/DooEditor/Code/dooeditor.csproj" />
    <Project Path="../sbox-plus/game/editor/Hammer/Code/hammer.csproj" />
    <Project Path="../sbox-plus/game/editor/MovieMaker/Code/moviemaker.csproj" />
    <Project Path="../sbox-plus/game/editor/ShaderGraph/Code/shadergraph.csproj" />
  </Folder>
</Solution>